
Microsoft Visual Studio Solution File, Format Version 12.00
# Visual Studio Version 17
VisualStudioVersion = 17.8.34322.80
MinimumVisualStudioVersion = 10.0.40219.1
Project("{9A19103F-16F7-4668-BE54-9A1E7A4F7556}") = "SimpleWebsite", "SimpleWebsite\SimpleWebsite.csproj", "{299AB609-64A1-4691-800A-6F9E213072EA}"
EndProject
Global
	GlobalSection(SolutionConfigurationPlatforms) = preSolution
		Debug|Any CPU = Debug|Any CPU
		Release|Any CPU = Release|Any CPU
	EndGlobalSection
	GlobalSection(ProjectConfigurationPlatforms) = postSolution
		{299AB609-64A1-4691-800A-6F9E213072EA}.Debug|Any CPU.ActiveCfg = Debug|Any CPU
		{299AB609-64A1-4691-800A-6F9E213072EA}.Debug|Any CPU.Build.0 = Debug|Any CPU
		{299AB609-64A1-4691-800A-6F9E213072EA}.Release|Any CPU.ActiveCfg = Release|Any CPU
		{299AB609-64A1-4691-800A-6F9E213072EA}.Release|Any CPU.Build.0 = Release|Any CPU
	EndGlobalSection
	GlobalSection(SolutionProperties) = preSolution
		HideSolutionNode = FALSE
	EndGlobalSection
	GlobalSection(ExtensibilityGlobals) = postSolution
		SolutionGuid = {BAFD303F-7912-4CD7-81FE-E408534D99A5}
	EndGlobalSection
EndGlobal
